// !$*UTF8*$!
{
	archiveVersion = 1;
	classes = {
	};
	objectVersion = 46;
	objects = {

/* Begin PBXBuildFile section */
		299716FB1C0E58E50073E0B0 /* Assets.xcassets in Resources */ = {isa = PBXBuildFile; fileRef = 299716FA1C0E58E50073E0B0 /* Assets.xcassets */; };
		299717031C0E5DB10073E0B0 /* Bolts.framework in Frameworks */ = {isa = PBXBuildFile; fileRef = 299716FC1C0E5DB10073E0B0 /* Bolts.framework */; };
		299717041C0E5DB10073E0B0 /* Parse.framework in Frameworks */ = {isa = PBXBuildFile; fileRef = 299716FD1C0E5DB10073E0B0 /* Parse.framework */; };
		299717051C0E5DB10073E0B0 /* ParseCrashReporting.framework in Frameworks */ = {isa = PBXBuildFile; fileRef = 299716FE1C0E5DB10073E0B0 /* ParseCrashReporting.framework */; };
		299717061C0E5DB10073E0B0 /* ParseFacebookUtils.framework in Frameworks */ = {isa = PBXBuildFile; fileRef = 299716FF1C0E5DB10073E0B0 /* ParseFacebookUtils.framework */; };
		299717071C0E5DB10073E0B0 /* ParseFacebookUtilsV4.framework in Frameworks */ = {isa = PBXBuildFile; fileRef = 299717001C0E5DB10073E0B0 /* ParseFacebookUtilsV4.framework */; };
		299717081C0E5DB10073E0B0 /* ParseTwitterUtils.framework in Frameworks */ = {isa = PBXBuildFile; fileRef = 299717011C0E5DB10073E0B0 /* ParseTwitterUtils.framework */; };
		299717091C0E5DB10073E0B0 /* ParseUI.framework in Frameworks */ = {isa = PBXBuildFile; fileRef = 299717021C0E5DB10073E0B0 /* ParseUI.framework */; };
		34E27A701C0FF794002B24E6 /* MemoryViewCell.swift in Sources */ = {isa = PBXBuildFile; fileRef = 34E27A6F1C0FF794002B24E6 /* MemoryViewCell.swift */; };
		AF63543F1BDD6BCA000ED045 /* Bolts.framework in Frameworks */ = {isa = PBXBuildFile; fileRef = AF6354381BDD6BC9000ED045 /* Bolts.framework */; };
		AF6354401BDD6BCA000ED045 /* Parse.framework in Frameworks */ = {isa = PBXBuildFile; fileRef = AF6354391BDD6BC9000ED045 /* Parse.framework */; };
		AF6354411BDD6BCA000ED045 /* ParseCrashReporting.framework in Frameworks */ = {isa = PBXBuildFile; fileRef = AF63543A1BDD6BC9000ED045 /* ParseCrashReporting.framework */; };
		AF6354421BDD6BCA000ED045 /* ParseFacebookUtils.framework in Frameworks */ = {isa = PBXBuildFile; fileRef = AF63543B1BDD6BCA000ED045 /* ParseFacebookUtils.framework */; };
		AF6354431BDD6BCA000ED045 /* ParseFacebookUtilsV4.framework in Frameworks */ = {isa = PBXBuildFile; fileRef = AF63543C1BDD6BCA000ED045 /* ParseFacebookUtilsV4.framework */; };
		AF6354441BDD6BCA000ED045 /* ParseTwitterUtils.framework in Frameworks */ = {isa = PBXBuildFile; fileRef = AF63543D1BDD6BCA000ED045 /* ParseTwitterUtils.framework */; };
		AF6354451BDD6BCA000ED045 /* ParseUI.framework in Frameworks */ = {isa = PBXBuildFile; fileRef = AF63543E1BDD6BCA000ED045 /* ParseUI.framework */; };
		AF6354471BDD6BF7000ED045 /* AudioToolbox.framework in Frameworks */ = {isa = PBXBuildFile; fileRef = AF6354461BDD6BF7000ED045 /* AudioToolbox.framework */; };
		AF6354491BDD6BFE000ED045 /* CFNetwork.framework in Frameworks */ = {isa = PBXBuildFile; fileRef = AF6354481BDD6BFE000ED045 /* CFNetwork.framework */; };
		AF63544B1BDD6C06000ED045 /* CoreGraphics.framework in Frameworks */ = {isa = PBXBuildFile; fileRef = AF63544A1BDD6C06000ED045 /* CoreGraphics.framework */; };
		AF63544D1BDD6C0F000ED045 /* CoreLocation.framework in Frameworks */ = {isa = PBXBuildFile; fileRef = AF63544C1BDD6C0F000ED045 /* CoreLocation.framework */; };
		AF63544F1BDD6C17000ED045 /* QuartzCore.framework in Frameworks */ = {isa = PBXBuildFile; fileRef = AF63544E1BDD6C17000ED045 /* QuartzCore.framework */; };
		AF6354511BDD6C22000ED045 /* Security.framework in Frameworks */ = {isa = PBXBuildFile; fileRef = AF6354501BDD6C22000ED045 /* Security.framework */; };
		AF6354531BDD6C2E000ED045 /* StoreKit.framework in Frameworks */ = {isa = PBXBuildFile; fileRef = AF6354521BDD6C2E000ED045 /* StoreKit.framework */; };
		AF6354551BDD6C3A000ED045 /* SystemConfiguration.framework in Frameworks */ = {isa = PBXBuildFile; fileRef = AF6354541BDD6C3A000ED045 /* SystemConfiguration.framework */; };
		AF6354571BDD6C4A000ED045 /* libz.tbd in Frameworks */ = {isa = PBXBuildFile; fileRef = AF6354561BDD6C4A000ED045 /* libz.tbd */; };
		AF6354591BDD6C55000ED045 /* libsqlite3.tbd in Frameworks */ = {isa = PBXBuildFile; fileRef = AF6354581BDD6C55000ED045 /* libsqlite3.tbd */; };
		AF63545C1BDD6CA6000ED045 /* memoryBook-Bridging-Header.m in Sources */ = {isa = PBXBuildFile; fileRef = AF63545B1BDD6CA6000ED045 /* memoryBook-Bridging-Header.m */; };
		AF6EA7E91C0EC1AF0044A580 /* Enums.swift in Sources */ = {isa = PBXBuildFile; fileRef = AF6EA7E61C0EC1AF0044A580 /* Enums.swift */; };
		AF6EA7EA1C0EC1AF0044A580 /* signIn.swift in Sources */ = {isa = PBXBuildFile; fileRef = AF6EA7E71C0EC1AF0044A580 /* signIn.swift */; };
		AF6EA7EB1C0EC1AF0044A580 /* signUp.swift in Sources */ = {isa = PBXBuildFile; fileRef = AF6EA7E81C0EC1AF0044A580 /* signUp.swift */; };
		AF6EA7EF1C0EC85F0044A580 /* memory.swift in Sources */ = {isa = PBXBuildFile; fileRef = AF6EA7EE1C0EC85F0044A580 /* memory.swift */; };
		AF6EA7F11C0ECEC10044A580 /* UploadImageViewController.swift in Sources */ = {isa = PBXBuildFile; fileRef = AF6EA7F01C0ECEC10044A580 /* UploadImageViewController.swift */; };
		AF6EA7F31C0ECF700044A580 /* UIViewControllerExtension.swift in Sources */ = {isa = PBXBuildFile; fileRef = AF6EA7F21C0ECF700044A580 /* UIViewControllerExtension.swift */; };
		AFD454631BD3F47A0005C64E /* profileController.swift in Sources */ = {isa = PBXBuildFile; fileRef = AFD454621BD3F47A0005C64E /* profileController.swift */; };
		AFD454651BD3F4AF0005C64E /* settingsController.swift in Sources */ = {isa = PBXBuildFile; fileRef = AFD454641BD3F4AF0005C64E /* settingsController.swift */; };
		AFD454671BD3F4CF0005C64E /* mapController.swift in Sources */ = {isa = PBXBuildFile; fileRef = AFD454661BD3F4CF0005C64E /* mapController.swift */; };
		AFD454691BD3F4EE0005C64E /* deleteAccountController.swift in Sources */ = {isa = PBXBuildFile; fileRef = AFD454681BD3F4EE0005C64E /* deleteAccountController.swift */; };
		AFD4546B1BD3F5120005C64E /* createMemoryController.swift in Sources */ = {isa = PBXBuildFile; fileRef = AFD4546A1BD3F5120005C64E /* createMemoryController.swift */; };
		AFD4546D1BD3F52C0005C64E /* addFriendsController.swift in Sources */ = {isa = PBXBuildFile; fileRef = AFD4546C1BD3F52C0005C64E /* addFriendsController.swift */; };
		AFD4546F1BD3F5580005C64E /* changePasswordController.swift in Sources */ = {isa = PBXBuildFile; fileRef = AFD4546E1BD3F5580005C64E /* changePasswordController.swift */; };
		AFD454711BD3F56F0005C64E /* changeInfoController.swift in Sources */ = {isa = PBXBuildFile; fileRef = AFD454701BD3F56F0005C64E /* changeInfoController.swift */; };
		AFD454731BD3F7FB0005C64E /* signUpController.swift in Sources */ = {isa = PBXBuildFile; fileRef = AFD454721BD3F7FB0005C64E /* signUpController.swift */; };
		AFE7F3161BD142A000FA62C2 /* AppDelegate.swift in Sources */ = {isa = PBXBuildFile; fileRef = AFE7F3151BD142A000FA62C2 /* AppDelegate.swift */; };
		AFE7F3181BD142A000FA62C2 /* ViewController.swift in Sources */ = {isa = PBXBuildFile; fileRef = AFE7F3171BD142A000FA62C2 /* ViewController.swift */; };
		AFE7F31B1BD142A000FA62C2 /* Main.storyboard in Resources */ = {isa = PBXBuildFile; fileRef = AFE7F3191BD142A000FA62C2 /* Main.storyboard */; };
		AFE7F3201BD142A000FA62C2 /* LaunchScreen.storyboard in Resources */ = {isa = PBXBuildFile; fileRef = AFE7F31E1BD142A000FA62C2 /* LaunchScreen.storyboard */; };
		AFE7F32B1BD142A000FA62C2 /* memoryBookTests.swift in Sources */ = {isa = PBXBuildFile; fileRef = AFE7F32A1BD142A000FA62C2 /* memoryBookTests.swift */; };
		AFE7F3361BD142A000FA62C2 /* memoryBookUITests.swift in Sources */ = {isa = PBXBuildFile; fileRef = AFE7F3351BD142A000FA62C2 /* memoryBookUITests.swift */; };
/* End PBXBuildFile section */

/* Begin PBXContainerItemProxy section */
		AFE7F3271BD142A000FA62C2 /* PBXContainerItemProxy */ = {
			isa = PBXContainerItemProxy;
			containerPortal = AFE7F30A1BD142A000FA62C2 /* Project object */;
			proxyType = 1;
			remoteGlobalIDString = AFE7F3111BD142A000FA62C2;
			remoteInfo = memoryBook;
		};
		AFE7F3321BD142A000FA62C2 /* PBXContainerItemProxy */ = {
			isa = PBXContainerItemProxy;
			containerPortal = AFE7F30A1BD142A000FA62C2 /* Project object */;
			proxyType = 1;
			remoteGlobalIDString = AFE7F3111BD142A000FA62C2;
			remoteInfo = memoryBook;
		};
/* End PBXContainerItemProxy section */

/* Begin PBXFileReference section */
		299716FA1C0E58E50073E0B0 /* Assets.xcassets */ = {isa = PBXFileReference; lastKnownFileType = folder.assetcatalog; path = Assets.xcassets; sourceTree = "<group>"; };
		299716FC1C0E5DB10073E0B0 /* Bolts.framework */ = {isa = PBXFileReference; lastKnownFileType = wrapper.framework; path = Bolts.framework; sourceTree = "<group>"; };
		299716FD1C0E5DB10073E0B0 /* Parse.framework */ = {isa = PBXFileReference; lastKnownFileType = wrapper.framework; path = Parse.framework; sourceTree = "<group>"; };
		299716FE1C0E5DB10073E0B0 /* ParseCrashReporting.framework */ = {isa = PBXFileReference; lastKnownFileType = wrapper.framework; path = ParseCrashReporting.framework; sourceTree = "<group>"; };
		299716FF1C0E5DB10073E0B0 /* ParseFacebookUtils.framework */ = {isa = PBXFileReference; lastKnownFileType = wrapper.framework; path = ParseFacebookUtils.framework; sourceTree = "<group>"; };
		299717001C0E5DB10073E0B0 /* ParseFacebookUtilsV4.framework */ = {isa = PBXFileReference; lastKnownFileType = wrapper.framework; path = ParseFacebookUtilsV4.framework; sourceTree = "<group>"; };
		299717011C0E5DB10073E0B0 /* ParseTwitterUtils.framework */ = {isa = PBXFileReference; lastKnownFileType = wrapper.framework; path = ParseTwitterUtils.framework; sourceTree = "<group>"; };
		299717021C0E5DB10073E0B0 /* ParseUI.framework */ = {isa = PBXFileReference; lastKnownFileType = wrapper.framework; path = ParseUI.framework; sourceTree = "<group>"; };
		34E27A6F1C0FF794002B24E6 /* MemoryViewCell.swift */ = {isa = PBXFileReference; fileEncoding = 4; lastKnownFileType = sourcecode.swift; path = MemoryViewCell.swift; sourceTree = "<group>"; };
		AF6354381BDD6BC9000ED045 /* Bolts.framework */ = {isa = PBXFileReference; lastKnownFileType = wrapper.framework; path = Bolts.framework; sourceTree = "<group>"; };
		AF6354391BDD6BC9000ED045 /* Parse.framework */ = {isa = PBXFileReference; lastKnownFileType = wrapper.framework; path = Parse.framework; sourceTree = "<group>"; };
		AF63543A1BDD6BC9000ED045 /* ParseCrashReporting.framework */ = {isa = PBXFileReference; lastKnownFileType = wrapper.framework; path = ParseCrashReporting.framework; sourceTree = "<group>"; };
		AF63543B1BDD6BCA000ED045 /* ParseFacebookUtils.framework */ = {isa = PBXFileReference; lastKnownFileType = wrapper.framework; path = ParseFacebookUtils.framework; sourceTree = "<group>"; };
		AF63543C1BDD6BCA000ED045 /* ParseFacebookUtilsV4.framework */ = {isa = PBXFileReference; lastKnownFileType = wrapper.framework; path = ParseFacebookUtilsV4.framework; sourceTree = "<group>"; };
		AF63543D1BDD6BCA000ED045 /* ParseTwitterUtils.framework */ = {isa = PBXFileReference; lastKnownFileType = wrapper.framework; path = ParseTwitterUtils.framework; sourceTree = "<group>"; };
		AF63543E1BDD6BCA000ED045 /* ParseUI.framework */ = {isa = PBXFileReference; lastKnownFileType = wrapper.framework; path = ParseUI.framework; sourceTree = "<group>"; };
		AF6354461BDD6BF7000ED045 /* AudioToolbox.framework */ = {isa = PBXFileReference; lastKnownFileType = wrapper.framework; name = AudioToolbox.framework; path = System/Library/Frameworks/AudioToolbox.framework; sourceTree = SDKROOT; };
		AF6354481BDD6BFE000ED045 /* CFNetwork.framework */ = {isa = PBXFileReference; lastKnownFileType = wrapper.framework; name = CFNetwork.framework; path = System/Library/Frameworks/CFNetwork.framework; sourceTree = SDKROOT; };
		AF63544A1BDD6C06000ED045 /* CoreGraphics.framework */ = {isa = PBXFileReference; lastKnownFileType = wrapper.framework; name = CoreGraphics.framework; path = System/Library/Frameworks/CoreGraphics.framework; sourceTree = SDKROOT; };
		AF63544C1BDD6C0F000ED045 /* CoreLocation.framework */ = {isa = PBXFileReference; lastKnownFileType = wrapper.framework; name = CoreLocation.framework; path = System/Library/Frameworks/CoreLocation.framework; sourceTree = SDKROOT; };
		AF63544E1BDD6C17000ED045 /* QuartzCore.framework */ = {isa = PBXFileReference; lastKnownFileType = wrapper.framework; name = QuartzCore.framework; path = System/Library/Frameworks/QuartzCore.framework; sourceTree = SDKROOT; };
		AF6354501BDD6C22000ED045 /* Security.framework */ = {isa = PBXFileReference; lastKnownFileType = wrapper.framework; name = Security.framework; path = System/Library/Frameworks/Security.framework; sourceTree = SDKROOT; };
		AF6354521BDD6C2E000ED045 /* StoreKit.framework */ = {isa = PBXFileReference; lastKnownFileType = wrapper.framework; name = StoreKit.framework; path = System/Library/Frameworks/StoreKit.framework; sourceTree = SDKROOT; };
		AF6354541BDD6C3A000ED045 /* SystemConfiguration.framework */ = {isa = PBXFileReference; lastKnownFileType = wrapper.framework; name = SystemConfiguration.framework; path = System/Library/Frameworks/SystemConfiguration.framework; sourceTree = SDKROOT; };
		AF6354561BDD6C4A000ED045 /* libz.tbd */ = {isa = PBXFileReference; lastKnownFileType = "sourcecode.text-based-dylib-definition"; name = libz.tbd; path = usr/lib/libz.tbd; sourceTree = SDKROOT; };
		AF6354581BDD6C55000ED045 /* libsqlite3.tbd */ = {isa = PBXFileReference; lastKnownFileType = "sourcecode.text-based-dylib-definition"; name = libsqlite3.tbd; path = usr/lib/libsqlite3.tbd; sourceTree = SDKROOT; };
		AF63545A1BDD6CA6000ED045 /* memoryBook-Bridging-Header.h */ = {isa = PBXFileReference; lastKnownFileType = sourcecode.c.h; path = "memoryBook-Bridging-Header.h"; sourceTree = SOURCE_ROOT; };
		AF63545B1BDD6CA6000ED045 /* memoryBook-Bridging-Header.m */ = {isa = PBXFileReference; fileEncoding = 4; lastKnownFileType = sourcecode.c.objc; path = "memoryBook-Bridging-Header.m"; sourceTree = SOURCE_ROOT; };
		AF6EA7E61C0EC1AF0044A580 /* Enums.swift */ = {isa = PBXFileReference; fileEncoding = 4; lastKnownFileType = sourcecode.swift; path = Enums.swift; sourceTree = "<group>"; };
		AF6EA7E71C0EC1AF0044A580 /* signIn.swift */ = {isa = PBXFileReference; fileEncoding = 4; lastKnownFileType = sourcecode.swift; path = signIn.swift; sourceTree = "<group>"; };
		AF6EA7E81C0EC1AF0044A580 /* signUp.swift */ = {isa = PBXFileReference; fileEncoding = 4; lastKnownFileType = sourcecode.swift; path = signUp.swift; sourceTree = "<group>"; };
		AF6EA7EE1C0EC85F0044A580 /* memory.swift */ = {isa = PBXFileReference; fileEncoding = 4; lastKnownFileType = sourcecode.swift; path = memory.swift; sourceTree = "<group>"; };
		AF6EA7F01C0ECEC10044A580 /* UploadImageViewController.swift */ = {isa = PBXFileReference; fileEncoding = 4; lastKnownFileType = sourcecode.swift; path = UploadImageViewController.swift; sourceTree = "<group>"; };
		AF6EA7F21C0ECF700044A580 /* UIViewControllerExtension.swift */ = {isa = PBXFileReference; fileEncoding = 4; lastKnownFileType = sourcecode.swift; path = UIViewControllerExtension.swift; sourceTree = "<group>"; };
		AFD454621BD3F47A0005C64E /* profileController.swift */ = {isa = PBXFileReference; fileEncoding = 4; lastKnownFileType = sourcecode.swift; path = profileController.swift; sourceTree = "<group>"; };
		AFD454641BD3F4AF0005C64E /* settingsController.swift */ = {isa = PBXFileReference; fileEncoding = 4; lastKnownFileType = sourcecode.swift; path = settingsController.swift; sourceTree = "<group>"; };
		AFD454661BD3F4CF0005C64E /* mapController.swift */ = {isa = PBXFileReference; fileEncoding = 4; lastKnownFileType = sourcecode.swift; path = mapController.swift; sourceTree = "<group>"; };
		AFD454681BD3F4EE0005C64E /* deleteAccountController.swift */ = {isa = PBXFileReference; fileEncoding = 4; lastKnownFileType = sourcecode.swift; path = deleteAccountController.swift; sourceTree = "<group>"; };
		AFD4546A1BD3F5120005C64E /* createMemoryController.swift */ = {isa = PBXFileReference; fileEncoding = 4; lastKnownFileType = sourcecode.swift; path = createMemoryController.swift; sourceTree = "<group>"; };
		AFD4546C1BD3F52C0005C64E /* addFriendsController.swift */ = {isa = PBXFileReference; fileEncoding = 4; lastKnownFileType = sourcecode.swift; path = addFriendsController.swift; sourceTree = "<group>"; };
		AFD4546E1BD3F5580005C64E /* changePasswordController.swift */ = {isa = PBXFileReference; fileEncoding = 4; lastKnownFileType = sourcecode.swift; path = changePasswordController.swift; sourceTree = "<group>"; };
		AFD454701BD3F56F0005C64E /* changeInfoController.swift */ = {isa = PBXFileReference; fileEncoding = 4; lastKnownFileType = sourcecode.swift; path = changeInfoController.swift; sourceTree = "<group>"; };
		AFD454721BD3F7FB0005C64E /* signUpController.swift */ = {isa = PBXFileReference; fileEncoding = 4; lastKnownFileType = sourcecode.swift; name = signUpController.swift; path = ../signUpController.swift; sourceTree = "<group>"; };
		AFE7F3121BD142A000FA62C2 /* memoryBook.app */ = {isa = PBXFileReference; explicitFileType = wrapper.application; includeInIndex = 0; path = memoryBook.app; sourceTree = BUILT_PRODUCTS_DIR; };
		AFE7F3151BD142A000FA62C2 /* AppDelegate.swift */ = {isa = PBXFileReference; lastKnownFileType = sourcecode.swift; path = AppDelegate.swift; sourceTree = "<group>"; };
		AFE7F3171BD142A000FA62C2 /* ViewController.swift */ = {isa = PBXFileReference; lastKnownFileType = sourcecode.swift; path = ViewController.swift; sourceTree = "<group>"; };
		AFE7F31A1BD142A000FA62C2 /* Base */ = {isa = PBXFileReference; lastKnownFileType = file.storyboard; name = Base; path = Base.lproj/Main.storyboard; sourceTree = "<group>"; };
		AFE7F31F1BD142A000FA62C2 /* Base */ = {isa = PBXFileReference; lastKnownFileType = file.storyboard; name = Base; path = Base.lproj/LaunchScreen.storyboard; sourceTree = "<group>"; };
		AFE7F3211BD142A000FA62C2 /* Info.plist */ = {isa = PBXFileReference; lastKnownFileType = text.plist.xml; path = Info.plist; sourceTree = "<group>"; };
		AFE7F3261BD142A000FA62C2 /* memoryBookTests.xctest */ = {isa = PBXFileReference; explicitFileType = wrapper.cfbundle; includeInIndex = 0; path = memoryBookTests.xctest; sourceTree = BUILT_PRODUCTS_DIR; };
		AFE7F32A1BD142A000FA62C2 /* memoryBookTests.swift */ = {isa = PBXFileReference; lastKnownFileType = sourcecode.swift; path = memoryBookTests.swift; sourceTree = "<group>"; };
		AFE7F32C1BD142A000FA62C2 /* Info.plist */ = {isa = PBXFileReference; lastKnownFileType = text.plist.xml; path = Info.plist; sourceTree = "<group>"; };
		AFE7F3311BD142A000FA62C2 /* memoryBookUITests.xctest */ = {isa = PBXFileReference; explicitFileType = wrapper.cfbundle; includeInIndex = 0; path = memoryBookUITests.xctest; sourceTree = BUILT_PRODUCTS_DIR; };
		AFE7F3351BD142A000FA62C2 /* memoryBookUITests.swift */ = {isa = PBXFileReference; lastKnownFileType = sourcecode.swift; path = memoryBookUITests.swift; sourceTree = "<group>"; };
		AFE7F3371BD142A000FA62C2 /* Info.plist */ = {isa = PBXFileReference; lastKnownFileType = text.plist.xml; path = Info.plist; sourceTree = "<group>"; };
/* End PBXFileReference section */

/* Begin PBXFrameworksBuildPhase section */
		AFE7F30F1BD142A000FA62C2 /* Frameworks */ = {
			isa = PBXFrameworksBuildPhase;
			buildActionMask = 2147483647;
			files = (
				AF6354591BDD6C55000ED045 /* libsqlite3.tbd in Frameworks */,
				AF6354571BDD6C4A000ED045 /* libz.tbd in Frameworks */,
				AF6354551BDD6C3A000ED045 /* SystemConfiguration.framework in Frameworks */,
				AF6354531BDD6C2E000ED045 /* StoreKit.framework in Frameworks */,
				AF6354511BDD6C22000ED045 /* Security.framework in Frameworks */,
				299717081C0E5DB10073E0B0 /* ParseTwitterUtils.framework in Frameworks */,
				299717091C0E5DB10073E0B0 /* ParseUI.framework in Frameworks */,
				AF63544F1BDD6C17000ED045 /* QuartzCore.framework in Frameworks */,
				AF63544D1BDD6C0F000ED045 /* CoreLocation.framework in Frameworks */,
				AF63544B1BDD6C06000ED045 /* CoreGraphics.framework in Frameworks */,
				AF6354491BDD6BFE000ED045 /* CFNetwork.framework in Frameworks */,
				AF6354471BDD6BF7000ED045 /* AudioToolbox.framework in Frameworks */,
				299717071C0E5DB10073E0B0 /* ParseFacebookUtilsV4.framework in Frameworks */,
				AF6354401BDD6BCA000ED045 /* Parse.framework in Frameworks */,
				299717051C0E5DB10073E0B0 /* ParseCrashReporting.framework in Frameworks */,
				AF6354411BDD6BCA000ED045 /* ParseCrashReporting.framework in Frameworks */,
				AF6354451BDD6BCA000ED045 /* ParseUI.framework in Frameworks */,
				299717061C0E5DB10073E0B0 /* ParseFacebookUtils.framework in Frameworks */,
				299717041C0E5DB10073E0B0 /* Parse.framework in Frameworks */,
				AF6354421BDD6BCA000ED045 /* ParseFacebookUtils.framework in Frameworks */,
				AF63543F1BDD6BCA000ED045 /* Bolts.framework in Frameworks */,
				299717031C0E5DB10073E0B0 /* Bolts.framework in Frameworks */,
				AF6354441BDD6BCA000ED045 /* ParseTwitterUtils.framework in Frameworks */,
				AF6354431BDD6BCA000ED045 /* ParseFacebookUtilsV4.framework in Frameworks */,
			);
			runOnlyForDeploymentPostprocessing = 0;
		};
		AFE7F3231BD142A000FA62C2 /* Frameworks */ = {
			isa = PBXFrameworksBuildPhase;
			buildActionMask = 2147483647;
			files = (
			);
			runOnlyForDeploymentPostprocessing = 0;
		};
		AFE7F32E1BD142A000FA62C2 /* Frameworks */ = {
			isa = PBXFrameworksBuildPhase;
			buildActionMask = 2147483647;
			files = (
			);
			runOnlyForDeploymentPostprocessing = 0;
		};
/* End PBXFrameworksBuildPhase section */

/* Begin PBXGroup section */
		AF6354371BDD6B76000ED045 /* Frameworks */ = {
			isa = PBXGroup;
			children = (
				AF6354581BDD6C55000ED045 /* libsqlite3.tbd */,
				AF6354561BDD6C4A000ED045 /* libz.tbd */,
				AF6354541BDD6C3A000ED045 /* SystemConfiguration.framework */,
				AF6354521BDD6C2E000ED045 /* StoreKit.framework */,
				AF6354501BDD6C22000ED045 /* Security.framework */,
				AF63544E1BDD6C17000ED045 /* QuartzCore.framework */,
				AF63544C1BDD6C0F000ED045 /* CoreLocation.framework */,
				AF63544A1BDD6C06000ED045 /* CoreGraphics.framework */,
				AF6354481BDD6BFE000ED045 /* CFNetwork.framework */,
				AF6354461BDD6BF7000ED045 /* AudioToolbox.framework */,
				AF6354381BDD6BC9000ED045 /* Bolts.framework */,
				299716FC1C0E5DB10073E0B0 /* Bolts.framework */,
				299716FD1C0E5DB10073E0B0 /* Parse.framework */,
				299716FE1C0E5DB10073E0B0 /* ParseCrashReporting.framework */,
				299716FF1C0E5DB10073E0B0 /* ParseFacebookUtils.framework */,
				299717001C0E5DB10073E0B0 /* ParseFacebookUtilsV4.framework */,
				299717011C0E5DB10073E0B0 /* ParseTwitterUtils.framework */,
				299717021C0E5DB10073E0B0 /* ParseUI.framework */,
				AF6354391BDD6BC9000ED045 /* Parse.framework */,
				AF63543A1BDD6BC9000ED045 /* ParseCrashReporting.framework */,
				AF63543B1BDD6BCA000ED045 /* ParseFacebookUtils.framework */,
				AF63543C1BDD6BCA000ED045 /* ParseFacebookUtilsV4.framework */,
				AF63543D1BDD6BCA000ED045 /* ParseTwitterUtils.framework */,
				AF63543E1BDD6BCA000ED045 /* ParseUI.framework */,
			);
			name = Frameworks;
			sourceTree = "<group>";
		};
		AF6EA7E31C0EBE510044A580 /* View Controllers */ = {
			isa = PBXGroup;
			children = (
				AF6EA7F21C0ECF700044A580 /* UIViewControllerExtension.swift */,
				AFE7F3171BD142A000FA62C2 /* ViewController.swift */,
				AFD454621BD3F47A0005C64E /* profileController.swift */,
				AF6EA7F01C0ECEC10044A580 /* UploadImageViewController.swift */,
				AFD454641BD3F4AF0005C64E /* settingsController.swift */,
				AFD454661BD3F4CF0005C64E /* mapController.swift */,
				AFD454681BD3F4EE0005C64E /* deleteAccountController.swift */,
				AFD4546A1BD3F5120005C64E /* createMemoryController.swift */,
				AFD4546C1BD3F52C0005C64E /* addFriendsController.swift */,
				AFD4546E1BD3F5580005C64E /* changePasswordController.swift */,
				AFD454701BD3F56F0005C64E /* changeInfoController.swift */,
				AFD454721BD3F7FB0005C64E /* signUpController.swift */,
			);
			name = "View Controllers";
			sourceTree = "<group>";
		};
		AF6EA7E41C0EBE5F0044A580 /* Models */ = {
			isa = PBXGroup;
			children = (
				AF6EA7E61C0EC1AF0044A580 /* Enums.swift */,
				AF6EA7EE1C0EC85F0044A580 /* memory.swift */,
				AF6EA7E71C0EC1AF0044A580 /* signIn.swift */,
				AF6EA7E81C0EC1AF0044A580 /* signUp.swift */,
			);
			name = Models;
			sourceTree = "<group>";
		};
		AF6EA7E51C0EBE660044A580 /* Supporting Files */ = {
			isa = PBXGroup;
			children = (
				AF63545B1BDD6CA6000ED045 /* memoryBook-Bridging-Header.m */,
				299716FA1C0E58E50073E0B0 /* Assets.xcassets */,
				AFE7F31E1BD142A000FA62C2 /* LaunchScreen.storyboard */,
				AF63545A1BDD6CA6000ED045 /* memoryBook-Bridging-Header.h */,
				AFE7F3211BD142A000FA62C2 /* Info.plist */,
			);
			name = "Supporting Files";
			sourceTree = "<group>";
		};
		AFE7F3091BD142A000FA62C2 = {
			isa = PBXGroup;
			children = (
				AF6354371BDD6B76000ED045 /* Frameworks */,
				AFE7F3141BD142A000FA62C2 /* memoryBook */,
				AFE7F3291BD142A000FA62C2 /* memoryBookTests */,
				AFE7F3341BD142A000FA62C2 /* memoryBookUITests */,
				AFE7F3131BD142A000FA62C2 /* Products */,
			);
			sourceTree = "<group>";
		};
		AFE7F3131BD142A000FA62C2 /* Products */ = {
			isa = PBXGroup;
			children = (
				AFE7F3121BD142A000FA62C2 /* memoryBook.app */,
				AFE7F3261BD142A000FA62C2 /* memoryBookTests.xctest */,
				AFE7F3311BD142A000FA62C2 /* memoryBookUITests.xctest */,
			);
			name = Products;
			sourceTree = "<group>";
		};
		AFE7F3141BD142A000FA62C2 /* memoryBook */ = {
			isa = PBXGroup;
			children = (
				AFE7F3151BD142A000FA62C2 /* AppDelegate.swift */,
				AFE7F3191BD142A000FA62C2 /* Main.storyboard */,
				34E27A6F1C0FF794002B24E6 /* MemoryViewCell.swift */,
				AF6EA7E51C0EBE660044A580 /* Supporting Files */,
				AF6EA7E41C0EBE5F0044A580 /* Models */,
				AF6EA7E31C0EBE510044A580 /* View Controllers */,
			);
			path = memoryBook;
			sourceTree = "<group>";
		};
		AFE7F3291BD142A000FA62C2 /* memoryBookTests */ = {
			isa = PBXGroup;
			children = (
				AFE7F32A1BD142A000FA62C2 /* memoryBookTests.swift */,
				AFE7F32C1BD142A000FA62C2 /* Info.plist */,
			);
			path = memoryBookTests;
			sourceTree = "<group>";
		};
		AFE7F3341BD142A000FA62C2 /* memoryBookUITests */ = {
			isa = PBXGroup;
			children = (
				AFE7F3351BD142A000FA62C2 /* memoryBookUITests.swift */,
				AFE7F3371BD142A000FA62C2 /* Info.plist */,
			);
			path = memoryBookUITests;
			sourceTree = "<group>";
		};
/* End PBXGroup section */

/* Begin PBXNativeTarget section */
		AFE7F3111BD142A000FA62C2 /* memoryBook */ = {
			isa = PBXNativeTarget;
			buildConfigurationList = AFE7F33A1BD142A000FA62C2 /* Build configuration list for PBXNativeTarget "memoryBook" */;
			buildPhases = (
				AFE7F30E1BD142A000FA62C2 /* Sources */,
				AFE7F30F1BD142A000FA62C2 /* Frameworks */,
				AFE7F3101BD142A000FA62C2 /* Resources */,
			);
			buildRules = (
			);
			dependencies = (
			);
			name = memoryBook;
			productName = memoryBook;
			productReference = AFE7F3121BD142A000FA62C2 /* memoryBook.app */;
			productType = "com.apple.product-type.application";
		};
		AFE7F3251BD142A000FA62C2 /* memoryBookTests */ = {
			isa = PBXNativeTarget;
			buildConfigurationList = AFE7F33D1BD142A000FA62C2 /* Build configuration list for PBXNativeTarget "memoryBookTests" */;
			buildPhases = (
				AFE7F3221BD142A000FA62C2 /* Sources */,
				AFE7F3231BD142A000FA62C2 /* Frameworks */,
				AFE7F3241BD142A000FA62C2 /* Resources */,
			);
			buildRules = (
			);
			dependencies = (
				AFE7F3281BD142A000FA62C2 /* PBXTargetDependency */,
			);
			name = memoryBookTests;
			productName = memoryBookTests;
			productReference = AFE7F3261BD142A000FA62C2 /* memoryBookTests.xctest */;
			productType = "com.apple.product-type.bundle.unit-test";
		};
		AFE7F3301BD142A000FA62C2 /* memoryBookUITests */ = {
			isa = PBXNativeTarget;
			buildConfigurationList = AFE7F3401BD142A000FA62C2 /* Build configuration list for PBXNativeTarget "memoryBookUITests" */;
			buildPhases = (
				AFE7F32D1BD142A000FA62C2 /* Sources */,
				AFE7F32E1BD142A000FA62C2 /* Frameworks */,
				AFE7F32F1BD142A000FA62C2 /* Resources */,
			);
			buildRules = (
			);
			dependencies = (
				AFE7F3331BD142A000FA62C2 /* PBXTargetDependency */,
			);
			name = memoryBookUITests;
			productName = memoryBookUITests;
			productReference = AFE7F3311BD142A000FA62C2 /* memoryBookUITests.xctest */;
			productType = "com.apple.product-type.bundle.ui-testing";
		};
/* End PBXNativeTarget section */

/* Begin PBXProject section */
		AFE7F30A1BD142A000FA62C2 /* Project object */ = {
			isa = PBXProject;
			attributes = {
				LastSwiftUpdateCheck = 0710;
				LastUpgradeCheck = 0700;
				ORGANIZATIONNAME = "Cody Miller";
				TargetAttributes = {
					AFE7F3111BD142A000FA62C2 = {
						CreatedOnToolsVersion = 7.0;
					};
					AFE7F3251BD142A000FA62C2 = {
						CreatedOnToolsVersion = 7.0;
						TestTargetID = AFE7F3111BD142A000FA62C2;
					};
					AFE7F3301BD142A000FA62C2 = {
						CreatedOnToolsVersion = 7.0;
						TestTargetID = AFE7F3111BD142A000FA62C2;
					};
				};
			};
			buildConfigurationList = AFE7F30D1BD142A000FA62C2 /* Build configuration list for PBXProject "memoryBook" */;
			compatibilityVersion = "Xcode 3.2";
			developmentRegion = English;
			hasScannedForEncodings = 0;
			knownRegions = (
				en,
				Base,
			);
			mainGroup = AFE7F3091BD142A000FA62C2;
			productRefGroup = AFE7F3131BD142A000FA62C2 /* Products */;
			projectDirPath = "";
			projectRoot = "";
			targets = (
				AFE7F3111BD142A000FA62C2 /* memoryBook */,
				AFE7F3251BD142A000FA62C2 /* memoryBookTests */,
				AFE7F3301BD142A000FA62C2 /* memoryBookUITests */,
			);
		};
/* End PBXProject section */

/* Begin PBXResourcesBuildPhase section */
		AFE7F3101BD142A000FA62C2 /* Resources */ = {
			isa = PBXResourcesBuildPhase;
			buildActionMask = 2147483647;
			files = (
				AFE7F3201BD142A000FA62C2 /* LaunchScreen.storyboard in Resources */,
				299716FB1C0E58E50073E0B0 /* Assets.xcassets in Resources */,
				AFE7F31B1BD142A000FA62C2 /* Main.storyboard in Resources */,
			);
			runOnlyForDeploymentPostprocessing = 0;
		};
		AFE7F3241BD142A000FA62C2 /* Resources */ = {
			isa = PBXResourcesBuildPhase;
			buildActionMask = 2147483647;
			files = (
			);
			runOnlyForDeploymentPostprocessing = 0;
		};
		AFE7F32F1BD142A000FA62C2 /* Resources */ = {
			isa = PBXResourcesBuildPhase;
			buildActionMask = 2147483647;
			files = (
			);
			runOnlyForDeploymentPostprocessing = 0;
		};
/* End PBXResourcesBuildPhase section */

/* Begin PBXSourcesBuildPhase section */
		AFE7F30E1BD142A000FA62C2 /* Sources */ = {
			isa = PBXSourcesBuildPhase;
			buildActionMask = 2147483647;
			files = (
				AFD4546B1BD3F5120005C64E /* createMemoryController.swift in Sources */,
				AFD454711BD3F56F0005C64E /* changeInfoController.swift in Sources */,
				AFE7F3181BD142A000FA62C2 /* ViewController.swift in Sources */,
				AFD4546F1BD3F5580005C64E /* changePasswordController.swift in Sources */,
				AF6EA7F11C0ECEC10044A580 /* UploadImageViewController.swift in Sources */,
				AFD454691BD3F4EE0005C64E /* deleteAccountController.swift in Sources */,
				AF6EA7EF1C0EC85F0044A580 /* memory.swift in Sources */,
				AF6EA7EB1C0EC1AF0044A580 /* signUp.swift in Sources */,
				AF6EA7EA1C0EC1AF0044A580 /* signIn.swift in Sources */,
				AFD454731BD3F7FB0005C64E /* signUpController.swift in Sources */,
				AFE7F3161BD142A000FA62C2 /* AppDelegate.swift in Sources */,
				AF6EA7E91C0EC1AF0044A580 /* Enums.swift in Sources */,
				AFD454671BD3F4CF0005C64E /* mapController.swift in Sources */,
				34E27A701C0FF794002B24E6 /* MemoryViewCell.swift in Sources */,
				AF63545C1BDD6CA6000ED045 /* memoryBook-Bridging-Header.m in Sources */,
				AFD454631BD3F47A0005C64E /* profileController.swift in Sources */,
				AF6EA7F31C0ECF700044A580 /* UIViewControllerExtension.swift in Sources */,
				AFD4546D1BD3F52C0005C64E /* addFriendsController.swift in Sources */,
				AFD454651BD3F4AF0005C64E /* settingsController.swift in Sources */,
			);
			runOnlyForDeploymentPostprocessing = 0;
		};
		AFE7F3221BD142A000FA62C2 /* Sources */ = {
			isa = PBXSourcesBuildPhase;
			buildActionMask = 2147483647;
			files = (
				AFE7F32B1BD142A000FA62C2 /* memoryBookTests.swift in Sources */,
			);
			runOnlyForDeploymentPostprocessing = 0;
		};
		AFE7F32D1BD142A000FA62C2 /* Sources */ = {
			isa = PBXSourcesBuildPhase;
			buildActionMask = 2147483647;
			files = (
				AFE7F3361BD142A000FA62C2 /* memoryBookUITests.swift in Sources */,
			);
			runOnlyForDeploymentPostprocessing = 0;
		};
/* End PBXSourcesBuildPhase section */

/* Begin PBXTargetDependency section */
		AFE7F3281BD142A000FA62C2 /* PBXTargetDependency */ = {
			isa = PBXTargetDependency;
			target = AFE7F3111BD142A000FA62C2 /* memoryBook */;
			targetProxy = AFE7F3271BD142A000FA62C2 /* PBXContainerItemProxy */;
		};
		AFE7F3331BD142A000FA62C2 /* PBXTargetDependency */ = {
			isa = PBXTargetDependency;
			target = AFE7F3111BD142A000FA62C2 /* memoryBook */;
			targetProxy = AFE7F3321BD142A000FA62C2 /* PBXContainerItemProxy */;
		};
/* End PBXTargetDependency section */

/* Begin PBXVariantGroup section */
		AFE7F3191BD142A000FA62C2 /* Main.storyboard */ = {
			isa = PBXVariantGroup;
			children = (
				AFE7F31A1BD142A000FA62C2 /* Base */,
			);
			name = Main.storyboard;
			sourceTree = "<group>";
		};
		AFE7F31E1BD142A000FA62C2 /* LaunchScreen.storyboard */ = {
			isa = PBXVariantGroup;
			children = (
				AFE7F31F1BD142A000FA62C2 /* Base */,
			);
			name = LaunchScreen.storyboard;
			sourceTree = "<group>";
		};
/* End PBXVariantGroup section */

/* Begin XCBuildConfiguration section */
		AFE7F3381BD142A000FA62C2 /* Debug */ = {
			isa = XCBuildConfiguration;
			buildSettings = {
				ALWAYS_SEARCH_USER_PATHS = NO;
				CLANG_CXX_LANGUAGE_STANDARD = "gnu++0x";
				CLANG_CXX_LIBRARY = "libc++";
				CLANG_ENABLE_MODULES = YES;
				CLANG_ENABLE_OBJC_ARC = YES;
				CLANG_WARN_BOOL_CONVERSION = YES;
				CLANG_WARN_CONSTANT_CONVERSION = YES;
				CLANG_WARN_DIRECT_OBJC_ISA_USAGE = YES_ERROR;
				CLANG_WARN_EMPTY_BODY = YES;
				CLANG_WARN_ENUM_CONVERSION = YES;
				CLANG_WARN_INT_CONVERSION = YES;
				CLANG_WARN_OBJC_ROOT_CLASS = YES_ERROR;
				CLANG_WARN_UNREACHABLE_CODE = YES;
				CLANG_WARN__DUPLICATE_METHOD_MATCH = YES;
				"CODE_SIGN_IDENTITY[sdk=iphoneos*]" = "iPhone Developer";
				COPY_PHASE_STRIP = NO;
				DEBUG_INFORMATION_FORMAT = dwarf;
				ENABLE_STRICT_OBJC_MSGSEND = YES;
				ENABLE_TESTABILITY = YES;
				GCC_C_LANGUAGE_STANDARD = gnu99;
				GCC_DYNAMIC_NO_PIC = NO;
				GCC_NO_COMMON_BLOCKS = YES;
				GCC_OPTIMIZATION_LEVEL = 0;
				GCC_PREPROCESSOR_DEFINITIONS = (
					"DEBUG=1",
					"$(inherited)",
				);
				GCC_WARN_64_TO_32_BIT_CONVERSION = YES;
				GCC_WARN_ABOUT_RETURN_TYPE = YES_ERROR;
				GCC_WARN_UNDECLARED_SELECTOR = YES;
				GCC_WARN_UNINITIALIZED_AUTOS = YES_AGGRESSIVE;
				GCC_WARN_UNUSED_FUNCTION = YES;
				GCC_WARN_UNUSED_VARIABLE = YES;
				IPHONEOS_DEPLOYMENT_TARGET = 9.0;
				MTL_ENABLE_DEBUG_INFO = YES;
				ONLY_ACTIVE_ARCH = YES;
				SDKROOT = iphoneos;
				SWIFT_OPTIMIZATION_LEVEL = "-Onone";
			};
			name = Debug;
		};
		AFE7F3391BD142A000FA62C2 /* Release */ = {
			isa = XCBuildConfiguration;
			buildSettings = {
				ALWAYS_SEARCH_USER_PATHS = NO;
				CLANG_CXX_LANGUAGE_STANDARD = "gnu++0x";
				CLANG_CXX_LIBRARY = "libc++";
				CLANG_ENABLE_MODULES = YES;
				CLANG_ENABLE_OBJC_ARC = YES;
				CLANG_WARN_BOOL_CONVERSION = YES;
				CLANG_WARN_CONSTANT_CONVERSION = YES;
				CLANG_WARN_DIRECT_OBJC_ISA_USAGE = YES_ERROR;
				CLANG_WARN_EMPTY_BODY = YES;
				CLANG_WARN_ENUM_CONVERSION = YES;
				CLANG_WARN_INT_CONVERSION = YES;
				CLANG_WARN_OBJC_ROOT_CLASS = YES_ERROR;
				CLANG_WARN_UNREACHABLE_CODE = YES;
				CLANG_WARN__DUPLICATE_METHOD_MATCH = YES;
				"CODE_SIGN_IDENTITY[sdk=iphoneos*]" = "iPhone Developer";
				COPY_PHASE_STRIP = NO;
				DEBUG_INFORMATION_FORMAT = "dwarf-with-dsym";
				ENABLE_NS_ASSERTIONS = NO;
				ENABLE_STRICT_OBJC_MSGSEND = YES;
				GCC_C_LANGUAGE_STANDARD = gnu99;
				GCC_NO_COMMON_BLOCKS = YES;
				GCC_WARN_64_TO_32_BIT_CONVERSION = YES;
				GCC_WARN_ABOUT_RETURN_TYPE = YES_ERROR;
				GCC_WARN_UNDECLARED_SELECTOR = YES;
				GCC_WARN_UNINITIALIZED_AUTOS = YES_AGGRESSIVE;
				GCC_WARN_UNUSED_FUNCTION = YES;
				GCC_WARN_UNUSED_VARIABLE = YES;
				IPHONEOS_DEPLOYMENT_TARGET = 9.0;
				MTL_ENABLE_DEBUG_INFO = NO;
				SDKROOT = iphoneos;
				VALIDATE_PRODUCT = YES;
			};
			name = Release;
		};
		AFE7F33B1BD142A000FA62C2 /* Debug */ = {
			isa = XCBuildConfiguration;
			buildSettings = {
				ASSETCATALOG_COMPILER_APPICON_NAME = AppIcon;
				CLANG_ENABLE_MODULES = YES;
				FRAMEWORK_SEARCH_PATHS = (
					"$(inherited)",
					"$(PROJECT_DIR)",
				);
				INFOPLIST_FILE = memoryBook/Info.plist;
				LD_RUNPATH_SEARCH_PATHS = "$(inherited) @executable_path/Frameworks";
				PRODUCT_BUNDLE_IDENTIFIER = com.swiftallmighty.memoryBook;
				PRODUCT_NAME = "$(TARGET_NAME)";
				SWIFT_OBJC_BRIDGING_HEADER = "memoryBook-Bridging-Header.h";
				SWIFT_OPTIMIZATION_LEVEL = "-Onone";
			};
			name = Debug;
		};
		AFE7F33C1BD142A000FA62C2 /* Release */ = {
			isa = XCBuildConfiguration;
			buildSettings = {
				ASSETCATALOG_COMPILER_APPICON_NAME = AppIcon;
				CLANG_ENABLE_MODULES = YES;
				FRAMEWORK_SEARCH_PATHS = (
					"$(inherited)",
					"$(PROJECT_DIR)",
				);
				INFOPLIST_FILE = memoryBook/Info.plist;
				LD_RUNPATH_SEARCH_PATHS = "$(inherited) @executable_path/Frameworks";
				PRODUCT_BUNDLE_IDENTIFIER = com.swiftallmighty.memoryBook;
				PRODUCT_NAME = "$(TARGET_NAME)";
				SWIFT_OBJC_BRIDGING_HEADER = "memoryBook-Bridging-Header.h";
			};
			name = Release;
		};
		AFE7F33E1BD142A000FA62C2 /* Debug */ = {
			isa = XCBuildConfiguration;
			buildSettings = {
				BUNDLE_LOADER = "$(TEST_HOST)";
				INFOPLIST_FILE = memoryBookTests/Info.plist;
				LD_RUNPATH_SEARCH_PATHS = "$(inherited) @executable_path/Frameworks @loader_path/Frameworks";
				PRODUCT_BUNDLE_IDENTIFIER = com.swiftallmighty.memoryBookTests;
				PRODUCT_NAME = "$(TARGET_NAME)";
				TEST_HOST = "$(BUILT_PRODUCTS_DIR)/memoryBook.app/memoryBook";
			};
			name = Debug;
		};
		AFE7F33F1BD142A000FA62C2 /* Release */ = {
			isa = XCBuildConfiguration;
			buildSettings = {
				BUNDLE_LOADER = "$(TEST_HOST)";
				INFOPLIST_FILE = memoryBookTests/Info.plist;
				LD_RUNPATH_SEARCH_PATHS = "$(inherited) @executable_path/Frameworks @loader_path/Frameworks";
				PRODUCT_BUNDLE_IDENTIFIER = com.swiftallmighty.memoryBookTests;
				PRODUCT_NAME = "$(TARGET_NAME)";
				TEST_HOST = "$(BUILT_PRODUCTS_DIR)/memoryBook.app/memoryBook";
			};
			name = Release;
		};
		AFE7F3411BD142A000FA62C2 /* Debug */ = {
			isa = XCBuildConfiguration;
			buildSettings = {
				INFOPLIST_FILE = memoryBookUITests/Info.plist;
				LD_RUNPATH_SEARCH_PATHS = "$(inherited) @executable_path/Frameworks @loader_path/Frameworks";
				PRODUCT_BUNDLE_IDENTIFIER = com.swiftallmighty.memoryBookUITests;
				PRODUCT_NAME = "$(TARGET_NAME)";
				TEST_TARGET_NAME = memoryBook;
				USES_XCTRUNNER = YES;
			};
			name = Debug;
		};
		AFE7F3421BD142A000FA62C2 /* Release */ = {
			isa = XCBuildConfiguration;
			buildSettings = {
				INFOPLIST_FILE = memoryBookUITests/Info.plist;
				LD_RUNPATH_SEARCH_PATHS = "$(inherited) @executable_path/Frameworks @loader_path/Frameworks";
				PRODUCT_BUNDLE_IDENTIFIER = com.swiftallmighty.memoryBookUITests;
				PRODUCT_NAME = "$(TARGET_NAME)";
				TEST_TARGET_NAME = memoryBook;
				USES_XCTRUNNER = YES;
			};
			name = Release;
		};
/* End XCBuildConfiguration section */

/* Begin XCConfigurationList section */
		AFE7F30D1BD142A000FA62C2 /* Build configuration list for PBXProject "memoryBook" */ = {
			isa = XCConfigurationList;
			buildConfigurations = (
				AFE7F3381BD142A000FA62C2 /* Debug */,
				AFE7F3391BD142A000FA62C2 /* Release */,
			);
			defaultConfigurationIsVisible = 0;
			defaultConfigurationName = Release;
		};
		AFE7F33A1BD142A000FA62C2 /* Build configuration list for PBXNativeTarget "memoryBook" */ = {
			isa = XCConfigurationList;
			buildConfigurations = (
				AFE7F33B1BD142A000FA62C2 /* Debug */,
				AFE7F33C1BD142A000FA62C2 /* Release */,
			);
			defaultConfigurationIsVisible = 0;
			defaultConfigurationName = Release;
		};
		AFE7F33D1BD142A000FA62C2 /* Build configuration list for PBXNativeTarget "memoryBookTests" */ = {
			isa = XCConfigurationList;
			buildConfigurations = (
				AFE7F33E1BD142A000FA62C2 /* Debug */,
				AFE7F33F1BD142A000FA62C2 /* Release */,
			);
			defaultConfigurationIsVisible = 0;
			defaultConfigurationName = Release;
		};
		AFE7F3401BD142A000FA62C2 /* Build configuration list for PBXNativeTarget "memoryBookUITests" */ = {
			isa = XCConfigurationList;
			buildConfigurations = (
				AFE7F3411BD142A000FA62C2 /* Debug */,
				AFE7F3421BD142A000FA62C2 /* Release */,
			);
			defaultConfigurationIsVisible = 0;
			defaultConfigurationName = Release;
		};
/* End XCConfigurationList section */
	};
	rootObject = AFE7F30A1BD142A000FA62C2 /* Project object */;
}
